// !$*UTF8*$!
{
	archiveVersion = 1;
	classes = {
	};
	objectVersion = 50;
	objects = {

/* Begin PBXBuildFile section */
		D8F51000225B1F95004AF7AA /* AppDelegate.swift in Sources */ = {isa = PBXBuildFile; fileRef = D8F50FFF225B1F95004AF7AA /* AppDelegate.swift */; };
		D8F51002225B1F95004AF7AA /* ViewController.swift in Sources */ = {isa = PBXBuildFile; fileRef = D8F51001225B1F95004AF7AA /* ViewController.swift */; };
		D8F51005225B1F95004AF7AA /* Main.storyboard in Resources */ = {isa = PBXBuildFile; fileRef = D8F51003225B1F95004AF7AA /* Main.storyboard */; };
		D8F51007225B1F97004AF7AA /* Assets.xcassets in Resources */ = {isa = PBXBuildFile; fileRef = D8F51006225B1F97004AF7AA /* Assets.xcassets */; };
		D8F5100A225B1F97004AF7AA /* LaunchScreen.storyboard in Resources */ = {isa = PBXBuildFile; fileRef = D8F51008225B1F97004AF7AA /* LaunchScreen.storyboard */; };
		D8F51012225B1FC2004AF7AA /* Stack.swift in Sources */ = {isa = PBXBuildFile; fileRef = D8F51011225B1FC2004AF7AA /* Stack.swift */; };
/* End PBXBuildFile section */

/* Begin PBXFileReference section */
		D8F50FFC225B1F95004AF7AA /* StackUsingSwift.app */ = {isa = PBXFileReference; explicitFileType = wrapper.application; includeInIndex = 0; path = StackUsingSwift.app; sourceTree = BUILT_PRODUCTS_DIR; };
		D8F50FFF225B1F95004AF7AA /* AppDelegate.swift */ = {isa = PBXFileReference; lastKnownFileType = sourcecode.swift; path = AppDelegate.swift; sourceTree = "<group>"; };
		D8F51001225B1F95004AF7AA /* ViewController.swift */ = {isa = PBXFileReference; lastKnownFileType = sourcecode.swift; path = ViewController.swift; sourceTree = "<group>"; };
		D8F51004225B1F95004AF7AA /* Base */ = {isa = PBXFileReference; lastKnownFileType = file.storyboard; name = Base; path = Base.lproj/Main.storyboard; sourceTree = "<group>"; };
		D8F51006225B1F97004AF7AA /* Assets.xcassets */ = {isa = PBXFileReference; lastKnownFileType = folder.assetcatalog; path = Assets.xcassets; sourceTree = "<group>"; };
		D8F51009225B1F97004AF7AA /* Base */ = {isa = PBXFileReference; lastKnownFileType = file.storyboard; name = Base; path = Base.lproj/LaunchScreen.storyboard; sourceTree = "<group>"; };
		D8F5100B225B1F97004AF7AA /* Info.plist */ = {isa = PBXFileReference; lastKnownFileType = text.plist.xml; path = Info.plist; sourceTree = "<group>"; };
		D8F51011225B1FC2004AF7AA /* Stack.swift */ = {isa = PBXFileReference; lastKnownFileType = sourcecode.swift; path = Stack.swift; sourceTree = "<group>"; };
/* End PBXFileReference section */

/* Begin PBXFrameworksBuildPhase section */
		D8F50FF9225B1F95004AF7AA /* Frameworks */ = {
			isa = PBXFrameworksBuildPhase;
			buildActionMask = 2147483647;
			files = (
			);
			runOnlyForDeploymentPostprocessing = 0;
		};
/* End PBXFrameworksBuildPhase section */

/* Begin PBXGroup section */
		D8F50FF3225B1F95004AF7AA = {
			isa = PBXGroup;
			children = (
				D8F50FFE225B1F95004AF7AA /* StackUsingSwift */,
				D8F50FFD225B1F95004AF7AA /* Products */,
			);
			sourceTree = "<group>";
		};
		D8F50FFD225B1F95004AF7AA /* Products */ = {
			isa = PBXGroup;
			children = (
				D8F50FFC225B1F95004AF7AA /* StackUsingSwift.app */,
			);
			name = Products;
			sourceTree = "<group>";
		};
		D8F50FFE225B1F95004AF7AA /* StackUsingSwift */ = {
			isa = PBXGroup;
			children = (
				D8F50FFF225B1F95004AF7AA /* AppDelegate.swift */,
				D8F51001225B1F95004AF7AA /* ViewController.swift */,
				D8F51003225B1F95004AF7AA /* Main.storyboard */,
				D8F51006225B1F97004AF7AA /* Assets.xcassets */,
				D8F51008225B1F97004AF7AA /* LaunchScreen.storyboard */,
				D8F5100B225B1F97004AF7AA /* Info.plist */,
				D8F51011225B1FC2004AF7AA /* Stack.swift */,
			);
			path = StackUsingSwift;
			sourceTree = "<group>";
		};
/* End PBXGroup section */

/* Begin PBXNativeTarget section */
		D8F50FFB225B1F95004AF7AA /* StackUsingSwift */ = {
			isa = PBXNativeTarget;
			buildConfigurationList = D8F5100E225B1F97004AF7AA /* Build configuration list for PBXNativeTarget "StackUsingSwift" */;
			buildPhases = (
				D8F50FF8225B1F95004AF7AA /* Sources */,
				D8F50FF9225B1F95004AF7AA /* Frameworks */,
				D8F50FFA225B1F95004AF7AA /* Resources */,
			);
			buildRules = (
			);
			dependencies = (
			);
			name = StackUsingSwift;
			productName = StackUsingSwift;
			productReference = D8F50FFC225B1F95004AF7AA /* StackUsingSwift.app */;
			productType = "com.apple.product-type.application";
		};
/* End PBXNativeTarget section */

/* Begin PBXProject section */
		D8F50FF4225B1F95004AF7AA /* Project object */ = {
			isa = PBXProject;
			attributes = {
				LastSwiftUpdateCheck = 1010;
				LastUpgradeCheck = 1010;
				ORGANIZATIONNAME = "Varun Kumar";
				TargetAttributes = {
					D8F50FFB225B1F95004AF7AA = {
						CreatedOnToolsVersion = 10.1;
					};
				};
			};
			buildConfigurationList = D8F50FF7225B1F95004AF7AA /* Build configuration list for PBXProject "StackUsingSwift" */;
			compatibilityVersion = "Xcode 9.3";
			developmentRegion = en;
			hasScannedForEncodings = 0;
			knownRegions = (
				en,
				Base,
			);
			mainGroup = D8F50FF3225B1F95004AF7AA;
			productRefGroup = D8F50FFD225B1F95004AF7AA /* Products */;
			projectDirPath = "";
			projectRoot = "";
			targets = (
				D8F50FFB225B1F95004AF7AA /* StackUsingSwift */,
			);
		};
/* End PBXProject section */

/* Begin PBXResourcesBuildPhase section */
		D8F50FFA225B1F95004AF7AA /* Resources */ = {
			isa = PBXResourcesBuildPhase;
			buildActionMask = 2147483647;
			files = (
				D8F5100A225B1F97004AF7AA /* LaunchScreen.storyboard in Resources */,
				D8F51007225B1F97004AF7AA /* Assets.xcassets in Resources */,
				D8F51005225B1F95004AF7AA /* Main.storyboard in Resources */,
			);
			runOnlyForDeploymentPostprocessing = 0;
		};
/* End PBXResourcesBuildPhase section */

/* Begin PBXSourcesBuildPhase section */
		D8F50FF8225B1F95004AF7AA /* Sources */ = {
			isa = PBXSourcesBuildPhase;
			buildActionMask = 2147483647;
			files = (
				D8F51002225B1F95004AF7AA /* ViewController.swift in Sources */,
				D8F51012225B1FC2004AF7AA /* Stack.swift in Sources */,
				D8F51000225B1F95004AF7AA /* AppDelegate.swift in Sources */,
			);
			runOnlyForDeploymentPostprocessing = 0;
		};
/* End PBXSourcesBuildPhase section */

/* Begin PBXVariantGroup section */
		D8F51003225B1F95004AF7AA /* Main.storyboard */ = {
			isa = PBXVariantGroup;
			children = (
				D8F51004225B1F95004AF7AA /* Base */,
			);
			name = Main.storyboard;
			sourceTree = "<group>";
		};
		D8F51008225B1F97004AF7AA /* LaunchScreen.storyboard */ = {
			isa = PBXVariantGroup;
			children = (
				D8F51009225B1F97004AF7AA /* Base */,
			);
			name = LaunchScreen.storyboard;
			sourceTree = "<group>";
		};
/* End PBXVariantGroup section */

/* Begin XCBuildConfiguration section */
		D8F5100C225B1F97004AF7AA /* Debug */ = {
			isa = XCBuildConfiguration;
			buildSettings = {
				ALWAYS_SEARCH_USER_PATHS = NO;
				CLANG_ANALYZER_NONNULL = YES;
				CLANG_ANALYZER_NUMBER_OBJECT_CONVERSION = YES_AGGRESSIVE;
				CLANG_CXX_LANGUAGE_STANDARD = "gnu++14";
				CLANG_CXX_LIBRARY = "libc++";
				CLANG_ENABLE_MODULES = YES;
				CLANG_ENABLE_OBJC_ARC = YES;
				CLANG_ENABLE_OBJC_WEAK = YES;
				CLANG_WARN_BLOCK_CAPTURE_AUTORELEASING = YES;
				CLANG_WARN_BOOL_CONVERSION = YES;
				CLANG_WARN_COMMA = YES;
				CLANG_WARN_CONSTANT_CONVERSION = YES;
				CLANG_WARN_DEPRECATED_OBJC_IMPLEMENTATIONS = YES;
				CLANG_WARN_DIRECT_OBJC_ISA_USAGE = YES_ERROR;
				CLANG_WARN_DOCUMENTATION_COMMENTS = YES;
				CLANG_WARN_EMPTY_BODY = YES;
				CLANG_WARN_ENUM_CONVERSION = YES;
				CLANG_WARN_INFINITE_RECURSION = YES;
				CLANG_WARN_INT_CONVERSION = YES;
				CLANG_WARN_NON_LITERAL_NULL_CONVERSION = YES;
				CLANG_WARN_OBJC_IMPLICIT_RETAIN_SELF = YES;
				CLANG_WARN_OBJC_LITERAL_CONVERSION = YES;
				CLANG_WARN_OBJC_ROOT_CLASS = YES_ERROR;
				CLANG_WARN_RANGE_LOOP_ANALYSIS = YES;
				CLANG_WARN_STRICT_PROTOTYPES = YES;
				CLANG_WARN_SUSPICIOUS_MOVE = YES;
				CLANG_WARN_UNGUARDED_AVAILABILITY = YES_AGGRESSIVE;
				CLANG_WARN_UNREACHABLE_CODE = YES;
				CLANG_WARN__DUPLICATE_METHOD_MATCH = YES;
				CODE_SIGN_IDENTITY = "iPhone Developer";
				COPY_PHASE_STRIP = NO;
				DEBUG_INFORMATION_FORMAT = dwarf;
				ENABLE_STRICT_OBJC_MSGSEND = YES;
				ENABLE_TESTABILITY = YES;
				GCC_C_LANGUAGE_STANDARD = gnu11;
				GCC_DYNAMIC_NO_PIC = NO;
				GCC_NO_COMMON_BLOCKS = YES;
				GCC_OPTIMIZATION_LEVEL = 0;
				GCC_PREPROCESSOR_DEFINITIONS = (
					"DEBUG=1",
					"$(inherited)",
				);
				GCC_WARN_64_TO_32_BIT_CONVERSION = YES;
				GCC_WARN_ABOUT_RETURN_TYPE = YES_ERROR;
				GCC_WARN_UNDECLARED_SELECTOR = YES;
				GCC_WARN_UNINITIALIZED_AUTOS = YES_AGGRESSIVE;
				GCC_WARN_UNUSED_FUNCTION = YES;
				GCC_WARN_UNUSED_VARIABLE = YES;
				IPHONEOS_DEPLOYMENT_TARGET = 12.1;
				MTL_ENABLE_DEBUG_INFO = INCLUDE_SOURCE;
				MTL_FAST_MATH = YES;
				ONLY_ACTIVE_ARCH = YES;
				SDKROOT = iphoneos;
				SWIFT_ACTIVE_COMPILATION_CONDITIONS = DEBUG;
				SWIFT_OPTIMIZATION_LEVEL = "-Onone";
			};
			name = Debug;
		};
		D8F5100D225B1F97004AF7AA /* Release */ = {
			isa = XCBuildConfiguration;
			buildSettings = {
				ALWAYS_SEARCH_USER_PATHS = NO;
				CLANG_ANALYZER_NONNULL = YES;
				CLANG_ANALYZER_NUMBER_OBJECT_CONVERSION = YES_AGGRESSIVE;
				CLANG_CXX_LANGUAGE_STANDARD = "gnu++14";
				CLANG_CXX_LIBRARY = "libc++";
				CLANG_ENABLE_MODULES = YES;
				CLANG_ENABLE_OBJC_ARC = YES;
				CLANG_ENABLE_OBJC_WEAK = YES;
				CLANG_WARN_BLOCK_CAPTURE_AUTORELEASING = YES;
				CLANG_WARN_BOOL_CONVERSION = YES;
				CLANG_WARN_COMMA = YES;
				CLANG_WARN_CONSTANT_CONVERSION = YES;
				CLANG_WARN_DEPRECATED_OBJC_IMPLEMENTATIONS = YES;
				CLANG_WARN_DIRECT_OBJC_ISA_USAGE = YES_ERROR;
				CLANG_WARN_DOCUMENTATION_COMMENTS = YES;
				CLANG_WARN_EMPTY_BODY = YES;
				CLANG_WARN_ENUM_CONVERSION = YES;
				CLANG_WARN_INFINITE_RECURSION = YES;
				CLANG_WARN_INT_CONVERSION = YES;
				CLANG_WARN_NON_LITERAL_NULL_CONVERSION = YES;
				CLANG_WARN_OBJC_IMPLICIT_RETAIN_SELF = YES;
				CLANG_WARN_OBJC_LITERAL_CONVERSION = YES;
				CLANG_WARN_OBJC_ROOT_CLASS = YES_ERROR;
				CLANG_WARN_RANGE_LOOP_ANALYSIS = YES;
				CLANG_WARN_STRICT_PROTOTYPES = YES;
				CLANG_WARN_SUSPICIOUS_MOVE = YES;
				CLANG_WARN_UNGUARDED_AVAILABILITY = YES_AGGRESSIVE;
				CLANG_WARN_UNREACHABLE_CODE = YES;
				CLANG_WARN__DUPLICATE_METHOD_MATCH = YES;
				CODE_SIGN_IDENTITY = "iPhone Developer";
				COPY_PHASE_STRIP = NO;
				DEBUG_INFORMATION_FORMAT = "dwarf-with-dsym";
				ENABLE_NS_ASSERTIONS = NO;
				ENABLE_STRICT_OBJC_MSGSEND = YES;
				GCC_C_LANGUAGE_STANDARD = gnu11;
				GCC_NO_COMMON_BLOCKS = YES;
				GCC_WARN_64_TO_32_BIT_CONVERSION = YES;
				GCC_WARN_ABOUT_RETURN_TYPE = YES_ERROR;
				GCC_WARN_UNDECLARED_SELECTOR = YES;
				GCC_WARN_UNINITIALIZED_AUTOS = YES_AGGRESSIVE;
				GCC_WARN_UNUSED_FUNCTION = YES;
				GCC_WARN_UNUSED_VARIABLE = YES;
				IPHONEOS_DEPLOYMENT_TARGET = 12.1;
				MTL_ENABLE_DEBUG_INFO = NO;
				MTL_FAST_MATH = YES;
				SDKROOT = iphoneos;
				SWIFT_COMPILATION_MODE = wholemodule;
				SWIFT_OPTIMIZATION_LEVEL = "-O";
				VALIDATE_PRODUCT = YES;
			};
			name = Release;
		};
		D8F5100F225B1F97004AF7AA /* Debug */ = {
			isa = XCBuildConfiguration;
			buildSettings = {
				ASSETCATALOG_COMPILER_APPICON_NAME = AppIcon;
				CODE_SIGN_STYLE = Automatic;
				INFOPLIST_FILE = StackUsingSwift/Info.plist;
				LD_RUNPATH_SEARCH_PATHS = (
					"$(inherited)",
					"@executable_path/Frameworks",
				);
				PRODUCT_BUNDLE_IDENTIFIER = com.vk.StackUsingSwift.StackUsingSwift;
				PRODUCT_NAME = "$(TARGET_NAME)";
				SWIFT_VERSION = 4.2;
				TARGETED_DEVICE_FAMILY = "1,2";
			};
			name = Debug;
		};
		D8F51010225B1F97004AF7AA /* Release */ = {
			isa = XCBuildConfiguration;
			buildSettings = {
				ASSETCATALOG_COMPILER_APPICON_NAME = AppIcon;
				CODE_SIGN_STYLE = Automatic;
				INFOPLIST_FILE = StackUsingSwift/Info.plist;
				LD_RUNPATH_SEARCH_PATHS = (
					"$(inherited)",
					"@executable_path/Frameworks",
				);
				PRODUCT_BUNDLE_IDENTIFIER = com.vk.StackUsingSwift.StackUsingSwift;
				PRODUCT_NAME = "$(TARGET_NAME)";
				SWIFT_VERSION = 4.2;
				TARGETED_DEVICE_FAMILY = "1,2";
			};
			name = Release;
		};
/* End XCBuildConfiguration section */

/* Begin XCConfigurationList section */
		D8F50FF7225B1F95004AF7AA /* Build configuration list for PBXProject "StackUsingSwift" */ = {
			isa = XCConfigurationList;
			buildConfigurations = (
				D8F5100C225B1F97004AF7AA /* Debug */,
				D8F5100D225B1F97004AF7AA /* Release */,
			);
			defaultConfigurationIsVisible = 0;
			defaultConfigurationName = Release;
		};
		D8F5100E225B1F97004AF7AA /* Build configuration list for PBXNativeTarget "StackUsingSwift" */ = {
			isa = XCConfigurationList;
			buildConfigurations = (
				D8F5100F225B1F97004AF7AA /* Debug */,
				D8F51010225B1F97004AF7AA /* Release */,
			);
			defaultConfigurationIsVisible = 0;
			defaultConfigurationName = Release;
		};
/* End XCConfigurationList section */
	};
	rootObject = D8F50FF4225B1F95004AF7AA /* Project object */;
}
